
Microsoft Visual Studio Solution File, Format Version 12.00
# Visual Studio 14
VisualStudioVersion = 14.0.25420.1
MinimumVisualStudioVersion = 10.0.40219.1
Project("{FAE04EC0-301F-11D3-BF4B-00C04F79EFBC}") = "NetInject", "NetInject\NetInject.csproj", "{E5F14DA5-06D0-4B2E-9C48-93028CBA73E5}"
EndProject
Project("{FAE04EC0-301F-11D3-BF4B-00C04F79EFBC}") = "NetInject.API", "NetInject.API\NetInject.API.csproj", "{519AFFCF-4C69-4E1E-A2E4-A0E4C4D9ED34}"
EndProject
Project("{FAE04EC0-301F-11D3-BF4B-00C04F79EFBC}") = "NetInject.Basic", "NetInject.Basic\NetInject.Basic.csproj", "{FD8DBA49-7F01-437B-B7EC-5B308AD999B5}"
EndProject
Project("{FAE04EC0-301F-11D3-BF4B-00C04F79EFBC}") = "NetInject.Code", "NetInject.Code\NetInject.Code.csproj", "{E647279F-C98C-4D0A-A178-3A6CBAE17C57}"
EndProject
Project("{FAE04EC0-301F-11D3-BF4B-00C04F79EFBC}") = "NetInject.Moq", "NetInject.Moq\NetInject.Moq.csproj", "{29506E22-97AA-4550-847C-D2E7764B3DE1}"
EndProject
Project("{FAE04EC0-301F-11D3-BF4B-00C04F79EFBC}") = "NetInject.Autofac", "NetInject.Autofac\NetInject.Autofac.csproj", "{35CF7604-71E4-4200-8588-E22CE54FB44A}"
EndProject
Project("{FAE04EC0-301F-11D3-BF4B-00C04F79EFBC}") = "NetInject.IoC", "NetInject.IoC\NetInject.IoC.csproj", "{A203A10A-C409-4112-9437-AFB577BF9493}"
EndProject
Project("{FAE04EC0-301F-11D3-BF4B-00C04F79EFBC}") = "NetInject.Purge", "NetInject.Purge\NetInject.Purge.csproj", "{B06F4E26-1CDD-4814-9982-6877C23E3DAD}"
EndProject
Global
	GlobalSection(SolutionConfigurationPlatforms) = preSolution
		Debug|Any CPU = Debug|Any CPU
		Release|Any CPU = Release|Any CPU
	EndGlobalSection
	GlobalSection(ProjectConfigurationPlatforms) = postSolution
		{E5F14DA5-06D0-4B2E-9C48-93028CBA73E5}.Debug|Any CPU.ActiveCfg = Debug|Any CPU
		{E5F14DA5-06D0-4B2E-9C48-93028CBA73E5}.Debug|Any CPU.Build.0 = Debug|Any CPU
		{E5F14DA5-06D0-4B2E-9C48-93028CBA73E5}.Release|Any CPU.ActiveCfg = Release|Any CPU
		{E5F14DA5-06D0-4B2E-9C48-93028CBA73E5}.Release|Any CPU.Build.0 = Release|Any CPU
		{519AFFCF-4C69-4E1E-A2E4-A0E4C4D9ED34}.Debug|Any CPU.ActiveCfg = Debug|Any CPU
		{519AFFCF-4C69-4E1E-A2E4-A0E4C4D9ED34}.Debug|Any CPU.Build.0 = Debug|Any CPU
		{519AFFCF-4C69-4E1E-A2E4-A0E4C4D9ED34}.Release|Any CPU.ActiveCfg = Release|Any CPU
		{519AFFCF-4C69-4E1E-A2E4-A0E4C4D9ED34}.Release|Any CPU.Build.0 = Release|Any CPU
		{FD8DBA49-7F01-437B-B7EC-5B308AD999B5}.Debug|Any CPU.ActiveCfg = Debug|Any CPU
		{FD8DBA49-7F01-437B-B7EC-5B308AD999B5}.Debug|Any CPU.Build.0 = Debug|Any CPU
		{FD8DBA49-7F01-437B-B7EC-5B308AD999B5}.Release|Any CPU.ActiveCfg = Release|Any CPU
		{FD8DBA49-7F01-437B-B7EC-5B308AD999B5}.Release|Any CPU.Build.0 = Release|Any CPU
		{E647279F-C98C-4D0A-A178-3A6CBAE17C57}.Debug|Any CPU.ActiveCfg = Debug|Any CPU
		{E647279F-C98C-4D0A-A178-3A6CBAE17C57}.Debug|Any CPU.Build.0 = Debug|Any CPU
		{E647279F-C98C-4D0A-A178-3A6CBAE17C57}.Release|Any CPU.ActiveCfg = Release|Any CPU
		{E647279F-C98C-4D0A-A178-3A6CBAE17C57}.Release|Any CPU.Build.0 = Release|Any CPU
		{29506E22-97AA-4550-847C-D2E7764B3DE1}.Debug|Any CPU.ActiveCfg = Debug|Any CPU
		{29506E22-97AA-4550-847C-D2E7764B3DE1}.Debug|Any CPU.Build.0 = Debug|Any CPU
		{29506E22-97AA-4550-847C-D2E7764B3DE1}.Release|Any CPU.ActiveCfg = Release|Any CPU
		{29506E22-97AA-4550-847C-D2E7764B3DE1}.Release|Any CPU.Build.0 = Release|Any CPU
		{35CF7604-71E4-4200-8588-E22CE54FB44A}.Debug|Any CPU.ActiveCfg = Debug|Any CPU
		{35CF7604-71E4-4200-8588-E22CE54FB44A}.Debug|Any CPU.Build.0 = Debug|Any CPU
		{35CF7604-71E4-4200-8588-E22CE54FB44A}.Release|Any CPU.ActiveCfg = Release|Any CPU
		{35CF7604-71E4-4200-8588-E22CE54FB44A}.Release|Any CPU.Build.0 = Release|Any CPU
		{A203A10A-C409-4112-9437-AFB577BF9493}.Debug|Any CPU.ActiveCfg = Debug|Any CPU
		{A203A10A-C409-4112-9437-AFB577BF9493}.Debug|Any CPU.Build.0 = Debug|Any CPU
		{A203A10A-C409-4112-9437-AFB577BF9493}.Release|Any CPU.ActiveCfg = Release|Any CPU
		{A203A10A-C409-4112-9437-AFB577BF9493}.Release|Any CPU.Build.0 = Release|Any CPU
		{B06F4E26-1CDD-4814-9982-6877C23E3DAD}.Debug|Any CPU.ActiveCfg = Debug|Any CPU
		{B06F4E26-1CDD-4814-9982-6877C23E3DAD}.Debug|Any CPU.Build.0 = Debug|Any CPU
		{B06F4E26-1CDD-4814-9982-6877C23E3DAD}.Release|Any CPU.ActiveCfg = Release|Any CPU
		{B06F4E26-1CDD-4814-9982-6877C23E3DAD}.Release|Any CPU.Build.0 = Release|Any CPU
	EndGlobalSection
	GlobalSection(SolutionProperties) = preSolution
		HideSolutionNode = FALSE
	EndGlobalSection
EndGlobal
